
Microsoft Visual Studio Solution File, Format Version 12.00
# Visual Studio 2013
VisualStudioVersion = 12.0.31101.0
MinimumVisualStudioVersion = 10.0.40219.1
Project("{FAE04EC0-301F-11D3-BF4B-00C04F79EFBC}") = "ResilientServices", "ResilientServices\ResilientServices\ResilientServices.csproj", "{8DE4B43F-A1DA-458D-9942-4DD80037384A}"
EndProject
Project("{FAE04EC0-301F-11D3-BF4B-00C04F79EFBC}") = "ResilientServices.Droid", "ResilientServices\ResilientServices.Droid\ResilientServices.Droid.csproj", "{3B8576CF-A751-4527-8064-F3DF68661EEA}"
EndProject
Project("{FAE04EC0-301F-11D3-BF4B-00C04F79EFBC}") = "ResilientServices.iOS", "ResilientServices\ResilientServices.iOS\ResilientServices.iOS.csproj", "{DBFB46DD-B79A-41C7-888C-C29BCC8C815A}"
EndProject
Project("{FAE04EC0-301F-11D3-BF4B-00C04F79EFBC}") = "ResilientServices.WinPhone", "ResilientServices\ResilientServices.WinPhone\ResilientServices.WinPhone.csproj", "{49D5DE57-1FB6-4E27-9A43-2A52E11C22C3}"
EndProject
Project("{FAE04EC0-301F-11D3-BF4B-00C04F79EFBC}") = "Tests.Unit", "ResilientServices\Tests.Unit\Tests.Unit.csproj", "{925DB27A-602F-43DF-A2C1-ED545FFDEA85}"
EndProject
Project("{2150E333-8FDC-42A3-9474-1A3956D46DE8}") = ".nuget", ".nuget", "{4AC0D814-6966-4E6F-96A2-42DB2080B6BD}"
	ProjectSection(SolutionItems) = preProject
		.nuget\NuGet.Config = .nuget\NuGet.Config
		.nuget\NuGet.exe = .nuget\NuGet.exe
		.nuget\NuGet.targets = .nuget\NuGet.targets
	EndProjectSection
EndProject
Global
	GlobalSection(SolutionConfigurationPlatforms) = preSolution
		Ad-Hoc|Any CPU = Ad-Hoc|Any CPU
		Ad-Hoc|ARM = Ad-Hoc|ARM
		Ad-Hoc|iPhone = Ad-Hoc|iPhone
		Ad-Hoc|iPhoneSimulator = Ad-Hoc|iPhoneSimulator
		Ad-Hoc|Mixed Platforms = Ad-Hoc|Mixed Platforms
		Ad-Hoc|x86 = Ad-Hoc|x86
		AppStore|Any CPU = AppStore|Any CPU
		AppStore|ARM = AppStore|ARM
		AppStore|iPhone = AppStore|iPhone
		AppStore|iPhoneSimulator = AppStore|iPhoneSimulator
		AppStore|Mixed Platforms = AppStore|Mixed Platforms
		AppStore|x86 = AppStore|x86
		Debug|Any CPU = Debug|Any CPU
		Debug|ARM = Debug|ARM
		Debug|iPhone = Debug|iPhone
		Debug|iPhoneSimulator = Debug|iPhoneSimulator
		Debug|Mixed Platforms = Debug|Mixed Platforms
		Debug|x86 = Debug|x86
		Release|Any CPU = Release|Any CPU
		Release|ARM = Release|ARM
		Release|iPhone = Release|iPhone
		Release|iPhoneSimulator = Release|iPhoneSimulator
		Release|Mixed Platforms = Release|Mixed Platforms
		Release|x86 = Release|x86
	EndGlobalSection
	GlobalSection(ProjectConfigurationPlatforms) = postSolution
		{8DE4B43F-A1DA-458D-9942-4DD80037384A}.Ad-Hoc|Any CPU.ActiveCfg = Release|Any CPU
		{8DE4B43F-A1DA-458D-9942-4DD80037384A}.Ad-Hoc|Any CPU.Build.0 = Release|Any CPU
		{8DE4B43F-A1DA-458D-9942-4DD80037384A}.Ad-Hoc|ARM.ActiveCfg = Release|Any CPU
		{8DE4B43F-A1DA-458D-9942-4DD80037384A}.Ad-Hoc|iPhone.ActiveCfg = Release|Any CPU
		{8DE4B43F-A1DA-458D-9942-4DD80037384A}.Ad-Hoc|iPhoneSimulator.ActiveCfg = Release|Any CPU
		{8DE4B43F-A1DA-458D-9942-4DD80037384A}.Ad-Hoc|Mixed Platforms.ActiveCfg = Release|Any CPU
		{8DE4B43F-A1DA-458D-9942-4DD80037384A}.Ad-Hoc|Mixed Platforms.Build.0 = Release|Any CPU
		{8DE4B43F-A1DA-458D-9942-4DD80037384A}.Ad-Hoc|x86.ActiveCfg = Release|Any CPU
		{8DE4B43F-A1DA-458D-9942-4DD80037384A}.AppStore|Any CPU.ActiveCfg = Release|Any CPU
		{8DE4B43F-A1DA-458D-9942-4DD80037384A}.AppStore|Any CPU.Build.0 = Release|Any CPU
		{8DE4B43F-A1DA-458D-9942-4DD80037384A}.AppStore|ARM.ActiveCfg = Release|Any CPU
		{8DE4B43F-A1DA-458D-9942-4DD80037384A}.AppStore|iPhone.ActiveCfg = Release|Any CPU
		{8DE4B43F-A1DA-458D-9942-4DD80037384A}.AppStore|iPhoneSimulator.ActiveCfg = Release|Any CPU
		{8DE4B43F-A1DA-458D-9942-4DD80037384A}.AppStore|Mixed Platforms.ActiveCfg = Release|Any CPU
		{8DE4B43F-A1DA-458D-9942-4DD80037384A}.AppStore|Mixed Platforms.Build.0 = Release|Any CPU
		{8DE4B43F-A1DA-458D-9942-4DD80037384A}.AppStore|x86.ActiveCfg = Release|Any CPU
		{8DE4B43F-A1DA-458D-9942-4DD80037384A}.Debug|Any CPU.ActiveCfg = Debug|Any CPU
		{8DE4B43F-A1DA-458D-9942-4DD80037384A}.Debug|Any CPU.Build.0 = Debug|Any CPU
		{8DE4B43F-A1DA-458D-9942-4DD80037384A}.Debug|ARM.ActiveCfg = Debug|Any CPU
		{8DE4B43F-A1DA-458D-9942-4DD80037384A}.Debug|iPhone.ActiveCfg = Debug|Any CPU
		{8DE4B43F-A1DA-458D-9942-4DD80037384A}.Debug|iPhoneSimulator.ActiveCfg = Debug|Any CPU
		{8DE4B43F-A1DA-458D-9942-4DD80037384A}.Debug|iPhoneSimulator.Build.0 = Debug|Any CPU
		{8DE4B43F-A1DA-458D-9942-4DD80037384A}.Debug|Mixed Platforms.ActiveCfg = Debug|Any CPU
		{8DE4B43F-A1DA-458D-9942-4DD80037384A}.Debug|Mixed Platforms.Build.0 = Debug|Any CPU
		{8DE4B43F-A1DA-458D-9942-4DD80037384A}.Debug|x86.ActiveCfg = Debug|Any CPU
		{8DE4B43F-A1DA-458D-9942-4DD80037384A}.Release|Any CPU.ActiveCfg = Release|Any CPU
		{8DE4B43F-A1DA-458D-9942-4DD80037384A}.Release|Any CPU.Build.0 = Release|Any CPU
		{8DE4B43F-A1DA-458D-9942-4DD80037384A}.Release|ARM.ActiveCfg = Release|Any CPU
		{8DE4B43F-A1DA-458D-9942-4DD80037384A}.Release|iPhone.ActiveCfg = Release|Any CPU
		{8DE4B43F-A1DA-458D-9942-4DD80037384A}.Release|iPhoneSimulator.ActiveCfg = Release|Any CPU
		{8DE4B43F-A1DA-458D-9942-4DD80037384A}.Release|Mixed Platforms.ActiveCfg = Release|Any CPU
		{8DE4B43F-A1DA-458D-9942-4DD80037384A}.Release|Mixed Platforms.Build.0 = Release|Any CPU
		{8DE4B43F-A1DA-458D-9942-4DD80037384A}.Release|x86.ActiveCfg = Release|Any CPU
		{3B8576CF-A751-4527-8064-F3DF68661EEA}.Ad-Hoc|Any CPU.ActiveCfg = Release|Any CPU
		{3B8576CF-A751-4527-8064-F3DF68661EEA}.Ad-Hoc|Any CPU.Build.0 = Release|Any CPU
		{3B8576CF-A751-4527-8064-F3DF68661EEA}.Ad-Hoc|Any CPU.Deploy.0 = Release|Any CPU
		{3B8576CF-A751-4527-8064-F3DF68661EEA}.Ad-Hoc|ARM.ActiveCfg = Release|Any CPU
		{3B8576CF-A751-4527-8064-F3DF68661EEA}.Ad-Hoc|iPhone.ActiveCfg = Release|Any CPU
		{3B8576CF-A751-4527-8064-F3DF68661EEA}.Ad-Hoc|iPhoneSimulator.ActiveCfg = Release|Any CPU
		{3B8576CF-A751-4527-8064-F3DF68661EEA}.Ad-Hoc|Mixed Platforms.ActiveCfg = Release|Any CPU
		{3B8576CF-A751-4527-8064-F3DF68661EEA}.Ad-Hoc|Mixed Platforms.Build.0 = Release|Any CPU
		{3B8576CF-A751-4527-8064-F3DF68661EEA}.Ad-Hoc|Mixed Platforms.Deploy.0 = Release|Any CPU
		{3B8576CF-A751-4527-8064-F3DF68661EEA}.Ad-Hoc|x86.ActiveCfg = Release|Any CPU
		{3B8576CF-A751-4527-8064-F3DF68661EEA}.AppStore|Any CPU.ActiveCfg = Release|Any CPU
		{3B8576CF-A751-4527-8064-F3DF68661EEA}.AppStore|Any CPU.Build.0 = Release|Any CPU
		{3B8576CF-A751-4527-8064-F3DF68661EEA}.AppStore|Any CPU.Deploy.0 = Release|Any CPU
		{3B8576CF-A751-4527-8064-F3DF68661EEA}.AppStore|ARM.ActiveCfg = Release|Any CPU
		{3B8576CF-A751-4527-8064-F3DF68661EEA}.AppStore|iPhone.ActiveCfg = Release|Any CPU
		{3B8576CF-A751-4527-8064-F3DF68661EEA}.AppStore|iPhoneSimulator.ActiveCfg = Release|Any CPU
		{3B8576CF-A751-4527-8064-F3DF68661EEA}.AppStore|Mixed Platforms.ActiveCfg = Release|Any CPU
		{3B8576CF-A751-4527-8064-F3DF68661EEA}.AppStore|Mixed Platforms.Build.0 = Release|Any CPU
		{3B8576CF-A751-4527-8064-F3DF68661EEA}.AppStore|Mixed Platforms.Deploy.0 = Release|Any CPU
		{3B8576CF-A751-4527-8064-F3DF68661EEA}.AppStore|x86.ActiveCfg = Release|Any CPU
		{3B8576CF-A751-4527-8064-F3DF68661EEA}.Debug|Any CPU.ActiveCfg = Debug|Any CPU
		{3B8576CF-A751-4527-8064-F3DF68661EEA}.Debug|Any CPU.Build.0 = Debug|Any CPU
		{3B8576CF-A751-4527-8064-F3DF68661EEA}.Debug|Any CPU.Deploy.0 = Debug|Any CPU
		{3B8576CF-A751-4527-8064-F3DF68661EEA}.Debug|ARM.ActiveCfg = Debug|Any CPU
		{3B8576CF-A751-4527-8064-F3DF68661EEA}.Debug|iPhone.ActiveCfg = Debug|Any CPU
		{3B8576CF-A751-4527-8064-F3DF68661EEA}.Debug|iPhoneSimulator.ActiveCfg = Debug|Any CPU
		{3B8576CF-A751-4527-8064-F3DF68661EEA}.Debug|iPhoneSimulator.Build.0 = Debug|Any CPU
		{3B8576CF-A751-4527-8064-F3DF68661EEA}.Debug|Mixed Platforms.ActiveCfg = Debug|Any CPU
		{3B8576CF-A751-4527-8064-F3DF68661EEA}.Debug|Mixed Platforms.Build.0 = Debug|Any CPU
		{3B8576CF-A751-4527-8064-F3DF68661EEA}.Debug|Mixed Platforms.Deploy.0 = Debug|Any CPU
		{3B8576CF-A751-4527-8064-F3DF68661EEA}.Debug|x86.ActiveCfg = Debug|Any CPU
		{3B8576CF-A751-4527-8064-F3DF68661EEA}.Release|Any CPU.ActiveCfg = Release|Any CPU
		{3B8576CF-A751-4527-8064-F3DF68661EEA}.Release|Any CPU.Build.0 = Release|Any CPU
		{3B8576CF-A751-4527-8064-F3DF68661EEA}.Release|Any CPU.Deploy.0 = Release|Any CPU
		{3B8576CF-A751-4527-8064-F3DF68661EEA}.Release|ARM.ActiveCfg = Release|Any CPU
		{3B8576CF-A751-4527-8064-F3DF68661EEA}.Release|iPhone.ActiveCfg = Release|Any CPU
		{3B8576CF-A751-4527-8064-F3DF68661EEA}.Release|iPhoneSimulator.ActiveCfg = Release|Any CPU
		{3B8576CF-A751-4527-8064-F3DF68661EEA}.Release|Mixed Platforms.ActiveCfg = Release|Any CPU
		{3B8576CF-A751-4527-8064-F3DF68661EEA}.Release|Mixed Platforms.Build.0 = Release|Any CPU
		{3B8576CF-A751-4527-8064-F3DF68661EEA}.Release|Mixed Platforms.Deploy.0 = Release|Any CPU
		{3B8576CF-A751-4527-8064-F3DF68661EEA}.Release|x86.ActiveCfg = Release|Any CPU
		{DBFB46DD-B79A-41C7-888C-C29BCC8C815A}.Ad-Hoc|Any CPU.ActiveCfg = Ad-Hoc|iPhone
		{DBFB46DD-B79A-41C7-888C-C29BCC8C815A}.Ad-Hoc|ARM.ActiveCfg = Ad-Hoc|iPhone
		{DBFB46DD-B79A-41C7-888C-C29BCC8C815A}.Ad-Hoc|iPhone.ActiveCfg = Ad-Hoc|iPhone
		{DBFB46DD-B79A-41C7-888C-C29BCC8C815A}.Ad-Hoc|iPhone.Build.0 = Ad-Hoc|iPhone
		{DBFB46DD-B79A-41C7-888C-C29BCC8C815A}.Ad-Hoc|iPhoneSimulator.ActiveCfg = Ad-Hoc|iPhoneSimulator
		{DBFB46DD-B79A-41C7-888C-C29BCC8C815A}.Ad-Hoc|iPhoneSimulator.Build.0 = Ad-Hoc|iPhoneSimulator
		{DBFB46DD-B79A-41C7-888C-C29BCC8C815A}.Ad-Hoc|Mixed Platforms.ActiveCfg = Ad-Hoc|iPhone
		{DBFB46DD-B79A-41C7-888C-C29BCC8C815A}.Ad-Hoc|Mixed Platforms.Build.0 = Ad-Hoc|iPhone
		{DBFB46DD-B79A-41C7-888C-C29BCC8C815A}.Ad-Hoc|x86.ActiveCfg = Ad-Hoc|iPhone
		{DBFB46DD-B79A-41C7-888C-C29BCC8C815A}.AppStore|Any CPU.ActiveCfg = AppStore|iPhone
		{DBFB46DD-B79A-41C7-888C-C29BCC8C815A}.AppStore|ARM.ActiveCfg = AppStore|iPhone
		{DBFB46DD-B79A-41C7-888C-C29BCC8C815A}.AppStore|iPhone.ActiveCfg = AppStore|iPhone
		{DBFB46DD-B79A-41C7-888C-C29BCC8C815A}.AppStore|iPhone.Build.0 = AppStore|iPhone
		{DBFB46DD-B79A-41C7-888C-C29BCC8C815A}.AppStore|iPhoneSimulator.ActiveCfg = AppStore|iPhoneSimulator
		{DBFB46DD-B79A-41C7-888C-C29BCC8C815A}.AppStore|iPhoneSimulator.Build.0 = AppStore|iPhoneSimulator
		{DBFB46DD-B79A-41C7-888C-C29BCC8C815A}.AppStore|Mixed Platforms.ActiveCfg = AppStore|iPhone
		{DBFB46DD-B79A-41C7-888C-C29BCC8C815A}.AppStore|Mixed Platforms.Build.0 = AppStore|iPhone
		{DBFB46DD-B79A-41C7-888C-C29BCC8C815A}.AppStore|x86.ActiveCfg = AppStore|iPhone
		{DBFB46DD-B79A-41C7-888C-C29BCC8C815A}.Debug|Any CPU.ActiveCfg = Debug|iPhone
		{DBFB46DD-B79A-41C7-888C-C29BCC8C815A}.Debug|ARM.ActiveCfg = Debug|iPhone
		{DBFB46DD-B79A-41C7-888C-C29BCC8C815A}.Debug|iPhone.ActiveCfg = Debug|iPhone
		{DBFB46DD-B79A-41C7-888C-C29BCC8C815A}.Debug|iPhone.Build.0 = Debug|iPhone
		{DBFB46DD-B79A-41C7-888C-C29BCC8C815A}.Debug|iPhoneSimulator.ActiveCfg = Debug|iPhoneSimulator
		{DBFB46DD-B79A-41C7-888C-C29BCC8C815A}.Debug|iPhoneSimulator.Build.0 = Debug|iPhoneSimulator
		{DBFB46DD-B79A-41C7-888C-C29BCC8C815A}.Debug|Mixed Platforms.ActiveCfg = Debug|iPhone
		{DBFB46DD-B79A-41C7-888C-C29BCC8C815A}.Debug|Mixed Platforms.Build.0 = Debug|iPhone
		{DBFB46DD-B79A-41C7-888C-C29BCC8C815A}.Debug|x86.ActiveCfg = Debug|iPhone
		{DBFB46DD-B79A-41C7-888C-C29BCC8C815A}.Release|Any CPU.ActiveCfg = Release|iPhone
		{DBFB46DD-B79A-41C7-888C-C29BCC8C815A}.Release|ARM.ActiveCfg = Release|iPhone
		{DBFB46DD-B79A-41C7-888C-C29BCC8C815A}.Release|iPhone.ActiveCfg = Release|iPhone
		{DBFB46DD-B79A-41C7-888C-C29BCC8C815A}.Release|iPhone.Build.0 = Release|iPhone
		{DBFB46DD-B79A-41C7-888C-C29BCC8C815A}.Release|iPhoneSimulator.ActiveCfg = Release|iPhoneSimulator
		{DBFB46DD-B79A-41C7-888C-C29BCC8C815A}.Release|iPhoneSimulator.Build.0 = Release|iPhoneSimulator
		{DBFB46DD-B79A-41C7-888C-C29BCC8C815A}.Release|Mixed Platforms.ActiveCfg = Release|iPhone
		{DBFB46DD-B79A-41C7-888C-C29BCC8C815A}.Release|Mixed Platforms.Build.0 = Release|iPhone
		{DBFB46DD-B79A-41C7-888C-C29BCC8C815A}.Release|x86.ActiveCfg = Release|iPhone
		{49D5DE57-1FB6-4E27-9A43-2A52E11C22C3}.Ad-Hoc|Any CPU.ActiveCfg = Release|Any CPU
		{49D5DE57-1FB6-4E27-9A43-2A52E11C22C3}.Ad-Hoc|Any CPU.Build.0 = Release|Any CPU
		{49D5DE57-1FB6-4E27-9A43-2A52E11C22C3}.Ad-Hoc|Any CPU.Deploy.0 = Release|Any CPU
		{49D5DE57-1FB6-4E27-9A43-2A52E11C22C3}.Ad-Hoc|ARM.ActiveCfg = Release|ARM
		{49D5DE57-1FB6-4E27-9A43-2A52E11C22C3}.Ad-Hoc|ARM.Build.0 = Release|ARM
		{49D5DE57-1FB6-4E27-9A43-2A52E11C22C3}.Ad-Hoc|ARM.Deploy.0 = Release|ARM
		{49D5DE57-1FB6-4E27-9A43-2A52E11C22C3}.Ad-Hoc|iPhone.ActiveCfg = Release|Any CPU
		{49D5DE57-1FB6-4E27-9A43-2A52E11C22C3}.Ad-Hoc|iPhoneSimulator.ActiveCfg = Release|Any CPU
		{49D5DE57-1FB6-4E27-9A43-2A52E11C22C3}.Ad-Hoc|Mixed Platforms.ActiveCfg = Release|x86
		{49D5DE57-1FB6-4E27-9A43-2A52E11C22C3}.Ad-Hoc|Mixed Platforms.Build.0 = Release|x86
		{49D5DE57-1FB6-4E27-9A43-2A52E11C22C3}.Ad-Hoc|Mixed Platforms.Deploy.0 = Release|x86
		{49D5DE57-1FB6-4E27-9A43-2A52E11C22C3}.Ad-Hoc|x86.ActiveCfg = Release|x86
		{49D5DE57-1FB6-4E27-9A43-2A52E11C22C3}.Ad-Hoc|x86.Build.0 = Release|x86
		{49D5DE57-1FB6-4E27-9A43-2A52E11C22C3}.Ad-Hoc|x86.Deploy.0 = Release|x86
		{49D5DE57-1FB6-4E27-9A43-2A52E11C22C3}.AppStore|Any CPU.ActiveCfg = Release|Any CPU
		{49D5DE57-1FB6-4E27-9A43-2A52E11C22C3}.AppStore|Any CPU.Build.0 = Release|Any CPU
		{49D5DE57-1FB6-4E27-9A43-2A52E11C22C3}.AppStore|Any CPU.Deploy.0 = Release|Any CPU
		{49D5DE57-1FB6-4E27-9A43-2A52E11C22C3}.AppStore|ARM.ActiveCfg = Release|ARM
		{49D5DE57-1FB6-4E27-9A43-2A52E11C22C3}.AppStore|ARM.Build.0 = Release|ARM
		{49D5DE57-1FB6-4E27-9A43-2A52E11C22C3}.AppStore|ARM.Deploy.0 = Release|ARM
		{49D5DE57-1FB6-4E27-9A43-2A52E11C22C3}.AppStore|iPhone.ActiveCfg = Release|Any CPU
		{49D5DE57-1FB6-4E27-9A43-2A52E11C22C3}.AppStore|iPhoneSimulator.ActiveCfg = Release|Any CPU
		{49D5DE57-1FB6-4E27-9A43-2A52E11C22C3}.AppStore|Mixed Platforms.ActiveCfg = Release|x86
		{49D5DE57-1FB6-4E27-9A43-2A52E11C22C3}.AppStore|Mixed Platforms.Build.0 = Release|x86
		{49D5DE57-1FB6-4E27-9A43-2A52E11C22C3}.AppStore|Mixed Platforms.Deploy.0 = Release|x86
		{49D5DE57-1FB6-4E27-9A43-2A52E11C22C3}.AppStore|x86.ActiveCfg = Release|x86
		{49D5DE57-1FB6-4E27-9A43-2A52E11C22C3}.AppStore|x86.Build.0 = Release|x86
		{49D5DE57-1FB6-4E27-9A43-2A52E11C22C3}.AppStore|x86.Deploy.0 = Release|x86
		{49D5DE57-1FB6-4E27-9A43-2A52E11C22C3}.Debug|Any CPU.ActiveCfg = Debug|Any CPU
		{49D5DE57-1FB6-4E27-9A43-2A52E11C22C3}.Debug|Any CPU.Build.0 = Debug|Any CPU
		{49D5DE57-1FB6-4E27-9A43-2A52E11C22C3}.Debug|Any CPU.Deploy.0 = Debug|Any CPU
		{49D5DE57-1FB6-4E27-9A43-2A52E11C22C3}.Debug|ARM.ActiveCfg = Debug|ARM
		{49D5DE57-1FB6-4E27-9A43-2A52E11C22C3}.Debug|ARM.Build.0 = Debug|ARM
		{49D5DE57-1FB6-4E27-9A43-2A52E11C22C3}.Debug|ARM.Deploy.0 = Debug|ARM
		{49D5DE57-1FB6-4E27-9A43-2A52E11C22C3}.Debug|iPhone.ActiveCfg = Debug|Any CPU
		{49D5DE57-1FB6-4E27-9A43-2A52E11C22C3}.Debug|iPhoneSimulator.ActiveCfg = Debug|Any CPU
		{49D5DE57-1FB6-4E27-9A43-2A52E11C22C3}.Debug|iPhoneSimulator.Build.0 = Debug|Any CPU
		{49D5DE57-1FB6-4E27-9A43-2A52E11C22C3}.Debug|Mixed Platforms.ActiveCfg = Debug|x86
		{49D5DE57-1FB6-4E27-9A43-2A52E11C22C3}.Debug|Mixed Platforms.Build.0 = Debug|x86
		{49D5DE57-1FB6-4E27-9A43-2A52E11C22C3}.Debug|Mixed Platforms.Deploy.0 = Debug|x86
		{49D5DE57-1FB6-4E27-9A43-2A52E11C22C3}.Debug|x86.ActiveCfg = Debug|x86
		{49D5DE57-1FB6-4E27-9A43-2A52E11C22C3}.Debug|x86.Build.0 = Debug|x86
		{49D5DE57-1FB6-4E27-9A43-2A52E11C22C3}.Debug|x86.Deploy.0 = Debug|x86
		{49D5DE57-1FB6-4E27-9A43-2A52E11C22C3}.Release|Any CPU.ActiveCfg = Release|Any CPU
		{49D5DE57-1FB6-4E27-9A43-2A52E11C22C3}.Release|Any CPU.Build.0 = Release|Any CPU
		{49D5DE57-1FB6-4E27-9A43-2A52E11C22C3}.Release|Any CPU.Deploy.0 = Release|Any CPU
		{49D5DE57-1FB6-4E27-9A43-2A52E11C22C3}.Release|ARM.ActiveCfg = Release|ARM
		{49D5DE57-1FB6-4E27-9A43-2A52E11C22C3}.Release|ARM.Build.0 = Release|ARM
		{49D5DE57-1FB6-4E27-9A43-2A52E11C22C3}.Release|ARM.Deploy.0 = Release|ARM
		{49D5DE57-1FB6-4E27-9A43-2A52E11C22C3}.Release|iPhone.ActiveCfg = Release|Any CPU
		{49D5DE57-1FB6-4E27-9A43-2A52E11C22C3}.Release|iPhoneSimulator.ActiveCfg = Release|Any CPU
		{49D5DE57-1FB6-4E27-9A43-2A52E11C22C3}.Release|Mixed Platforms.ActiveCfg = Release|x86
		{49D5DE57-1FB6-4E27-9A43-2A52E11C22C3}.Release|Mixed Platforms.Build.0 = Release|x86
		{49D5DE57-1FB6-4E27-9A43-2A52E11C22C3}.Release|Mixed Platforms.Deploy.0 = Release|x86
		{49D5DE57-1FB6-4E27-9A43-2A52E11C22C3}.Release|x86.ActiveCfg = Release|x86
		{49D5DE57-1FB6-4E27-9A43-2A52E11C22C3}.Release|x86.Build.0 = Release|x86
		{49D5DE57-1FB6-4E27-9A43-2A52E11C22C3}.Release|x86.Deploy.0 = Release|x86
		{925DB27A-602F-43DF-A2C1-ED545FFDEA85}.Ad-Hoc|Any CPU.ActiveCfg = Release|Any CPU
		{925DB27A-602F-43DF-A2C1-ED545FFDEA85}.Ad-Hoc|Any CPU.Build.0 = Release|Any CPU
		{925DB27A-602F-43DF-A2C1-ED545FFDEA85}.Ad-Hoc|ARM.ActiveCfg = Release|Any CPU
		{925DB27A-602F-43DF-A2C1-ED545FFDEA85}.Ad-Hoc|iPhone.ActiveCfg = Release|Any CPU
		{925DB27A-602F-43DF-A2C1-ED545FFDEA85}.Ad-Hoc|iPhoneSimulator.ActiveCfg = Release|Any CPU
		{925DB27A-602F-43DF-A2C1-ED545FFDEA85}.Ad-Hoc|Mixed Platforms.ActiveCfg = Release|Any CPU
		{925DB27A-602F-43DF-A2C1-ED545FFDEA85}.Ad-Hoc|Mixed Platforms.Build.0 = Release|Any CPU
		{925DB27A-602F-43DF-A2C1-ED545FFDEA85}.Ad-Hoc|x86.ActiveCfg = Release|Any CPU
		{925DB27A-602F-43DF-A2C1-ED545FFDEA85}.AppStore|Any CPU.ActiveCfg = Release|Any CPU
		{925DB27A-602F-43DF-A2C1-ED545FFDEA85}.AppStore|Any CPU.Build.0 = Release|Any CPU
		{925DB27A-602F-43DF-A2C1-ED545FFDEA85}.AppStore|ARM.ActiveCfg = Release|Any CPU
		{925DB27A-602F-43DF-A2C1-ED545FFDEA85}.AppStore|iPhone.ActiveCfg = Release|Any CPU
		{925DB27A-602F-43DF-A2C1-ED545FFDEA85}.AppStore|iPhoneSimulator.ActiveCfg = Release|Any CPU
		{925DB27A-602F-43DF-A2C1-ED545FFDEA85}.AppStore|Mixed Platforms.ActiveCfg = Release|Any CPU
		{925DB27A-602F-43DF-A2C1-ED545FFDEA85}.AppStore|Mixed Platforms.Build.0 = Release|Any CPU
		{925DB27A-602F-43DF-A2C1-ED545FFDEA85}.AppStore|x86.ActiveCfg = Release|Any CPU
		{925DB27A-602F-43DF-A2C1-ED545FFDEA85}.Debug|Any CPU.ActiveCfg = Debug|Any CPU
		{925DB27A-602F-43DF-A2C1-ED545FFDEA85}.Debug|Any CPU.Build.0 = Debug|Any CPU
		{925DB27A-602F-43DF-A2C1-ED545FFDEA85}.Debug|ARM.ActiveCfg = Debug|Any CPU
		{925DB27A-602F-43DF-A2C1-ED545FFDEA85}.Debug|iPhone.ActiveCfg = Debug|Any CPU
		{925DB27A-602F-43DF-A2C1-ED545FFDEA85}.Debug|iPhoneSimulator.ActiveCfg = Debug|Any CPU
		{925DB27A-602F-43DF-A2C1-ED545FFDEA85}.Debug|iPhoneSimulator.Build.0 = Debug|Any CPU
		{925DB27A-602F-43DF-A2C1-ED545FFDEA85}.Debug|Mixed Platforms.ActiveCfg = Debug|Any CPU
		{925DB27A-602F-43DF-A2C1-ED545FFDEA85}.Debug|Mixed Platforms.Build.0 = Debug|Any CPU
		{925DB27A-602F-43DF-A2C1-ED545FFDEA85}.Debug|x86.ActiveCfg = Debug|Any CPU
		{925DB27A-602F-43DF-A2C1-ED545FFDEA85}.Release|Any CPU.ActiveCfg = Release|Any CPU
		{925DB27A-602F-43DF-A2C1-ED545FFDEA85}.Release|Any CPU.Build.0 = Release|Any CPU
		{925DB27A-602F-43DF-A2C1-ED545FFDEA85}.Release|ARM.ActiveCfg = Release|Any CPU
		{925DB27A-602F-43DF-A2C1-ED545FFDEA85}.Release|iPhone.ActiveCfg = Release|Any CPU
		{925DB27A-602F-43DF-A2C1-ED545FFDEA85}.Release|iPhoneSimulator.ActiveCfg = Release|Any CPU
		{925DB27A-602F-43DF-A2C1-ED545FFDEA85}.Release|Mixed Platforms.ActiveCfg = Release|Any CPU
		{925DB27A-602F-43DF-A2C1-ED545FFDEA85}.Release|Mixed Platforms.Build.0 = Release|Any CPU
		{925DB27A-602F-43DF-A2C1-ED545FFDEA85}.Release|x86.ActiveCfg = Release|Any CPU
	EndGlobalSection
	GlobalSection(SolutionProperties) = preSolution
		HideSolutionNode = FALSE
	EndGlobalSection
EndGlobal
